
Microsoft Visual Studio Solution File, Format Version 12.00
# Visual Studio Version 17
VisualStudioVersion = 17.8.34511.84
MinimumVisualStudioVersion = 10.0.40219.1
Project("{8BC9CEB8-8B4A-11D0-8D11-00A0C91BC942}") = "Module1", "Module1\Module1.vcxproj", "{C955FC31-1179-4EC3-A061-C36710B3218F}"
EndProject
Global
	GlobalSection(SolutionConfigurationPlatforms) = preSolution
		Debug|x64 = Debug|x64
		Debug|x86 = Debug|x86
		Release|x64 = Release|x64
		Release|x86 = Release|x86
	EndGlobalSection
	GlobalSection(ProjectConfigurationPlatforms) = postSolution
		{C955FC31-1179-4EC3-A061-C36710B3218F}.Debug|x64.ActiveCfg = Debug|x64
		{C955FC31-1179-4EC3-A061-C36710B3218F}.Debug|x64.Build.0 = Debug|x64
		{C955FC31-1179-4EC3-A061-C36710B3218F}.Debug|x86.ActiveCfg = Debug|Win32
		{C955FC31-1179-4EC3-A061-C36710B3218F}.Debug|x86.Build.0 = Debug|Win32
		{C955FC31-1179-4EC3-A061-C36710B3218F}.Release|x64.ActiveCfg = Release|x64
		{C955FC31-1179-4EC3-A061-C36710B3218F}.Release|x64.Build.0 = Release|x64
		{C955FC31-1179-4EC3-A061-C36710B3218F}.Release|x86.ActiveCfg = Release|Win32
		{C955FC31-1179-4EC3-A061-C36710B3218F}.Release|x86.Build.0 = Release|Win32
	EndGlobalSection
	GlobalSection(SolutionProperties) = preSolution
		HideSolutionNode = FALSE
	EndGlobalSection
	GlobalSection(ExtensibilityGlobals) = postSolution
		SolutionGuid = {EC8CD57F-DFFC-40D3-9B61-2597571040CF}
	EndGlobalSection
EndGlobal
